{
  "name": "tyen",
  "version": "1.0.0",
  "lockfileVersion": 2,
  "requires": true,
  "packages": {
    "": {
      "name": "tyen",
      "version": "1.0.0",
      "license": "BSD-2-Clause",
      "dependencies": {
        "tyfell": "^0.1.1",
        "typescript": "^4.8.4"
      }
    },
    "node_modules/tyfell": {
      "version": "0.1.1",
      "resolved": "https://registry.npmjs.org/tyfell/-/tyfell-0.1.1.tgz",
      "integrity": "sha512-9LKEA2YaTcX15ombQ1m2kjpxFpjFlpa3ifgM9E7lA9ZzWWGI/uIOb87Zqoe5swcQd7RKx9kKyNsmV2H2MsZfsQ=="
    },
    "node_modules/typescript": {
      "version": "4.8.4",
      "resolved": "https://registry.npmjs.org/typescript/-/typescript-4.8.4.tgz",
      "integrity": "sha512-QCh+85mCy+h0IGff8r5XWzOVSbBO+KfeYrMQh7NJ58QujwcE22u+NUSmUxqF+un70P9GXKxa2HCNiTTMJknyjQ==",
      "bin": {
        "tsc": "bin/tsc",
        "tsserver": "bin/tsserver"
      },
      "engines": {
        "node": ">=4.2.0"
      }
    }
  },
  "dependencies": {
    "tyfell": {
      "version": "0.1.1",
      "resolved": "https://registry.npmjs.org/tyfell/-/tyfell-0.1.1.tgz",
      "integrity": "sha512-9LKEA2YaTcX15ombQ1m2kjpxFpjFlpa3ifgM9E7lA9ZzWWGI/uIOb87Zqoe5swcQd7RKx9kKyNsmV2H2MsZfsQ=="
    },
    "typescript": {
      "version": "4.8.4",
      "resolved": "https://registry.npmjs.org/typescript/-/typescript-4.8.4.tgz",
      "integrity": "sha512-QCh+85mCy+h0IGff8r5XWzOVSbBO+KfeYrMQh7NJ58QujwcE22u+NUSmUxqF+un70P9GXKxa2HCNiTTMJknyjQ=="
    }
  }
}
